# Pulse Plugin Lock File
# Version: 1.0.0
# Generated: 2025-10-16T06:46:09Z
#
# DO NOT EDIT THIS FILE MANUALLY
# This file is automatically generated to ensure reproducible plugin installations.
#
# Format: INI-style with one section per plugin
# Each section contains:
#   url      - Git repository URL
#   ref      - Branch, tag, or empty for default branch
#   commit   - Exact commit SHA that was installed
#   timestamp - When this plugin was locked
#   stage    - Loading stage (early, path, fpath, completions, defer)


[plugin-a]
url = 
ref = 
commit = 2d6b940b507ec965338c063ed020a8cf997406ff
timestamp = 2025-10-16T06:46:09Z
stage = normal
